
Microsoft Visual Studio Solution File, Format Version 12.00
# Visual Studio Version 17
VisualStudioVersion = 17.8.34408.163
MinimumVisualStudioVersion = 10.0.40219.1
Project("{FAE04EC0-301F-11D3-BF4B-00C04F79EFBC}") = "modul10_1302220080", "modul10_1302220080\modul10_1302220080.csproj", "{9339BDAB-39A0-4E31-AB0C-08978DD06440}"
EndProject
Global
	GlobalSection(SolutionConfigurationPlatforms) = preSolution
		Debug|Any CPU = Debug|Any CPU
		Release|Any CPU = Release|Any CPU
	EndGlobalSection
	GlobalSection(ProjectConfigurationPlatforms) = postSolution
		{9339BDAB-39A0-4E31-AB0C-08978DD06440}.Debug|Any CPU.ActiveCfg = Debug|Any CPU
		{9339BDAB-39A0-4E31-AB0C-08978DD06440}.Debug|Any CPU.Build.0 = Debug|Any CPU
		{9339BDAB-39A0-4E31-AB0C-08978DD06440}.Release|Any CPU.ActiveCfg = Release|Any CPU
		{9339BDAB-39A0-4E31-AB0C-08978DD06440}.Release|Any CPU.Build.0 = Release|Any CPU
	EndGlobalSection
	GlobalSection(SolutionProperties) = preSolution
		HideSolutionNode = FALSE
	EndGlobalSection
	GlobalSection(ExtensibilityGlobals) = postSolution
		SolutionGuid = {3BB29C2C-43BB-4829-896B-28F8EEA49D6E}
	EndGlobalSection
EndGlobal
